{
  "name": "third-party-demo",
  "lockfileVersion": 3,
  "requires": true,
  "packages": {
    "": {
      "dependencies": {
        "dds-auth-zogoal": "file:../packages/dds-auth-zogoal/dds-auth-zogoal-1.0.0.tgz"
      }
    },
    "node_modules/chalk": {
      "version": "5.6.2",
      "resolved": "https://registry.npmjs.org/chalk/-/chalk-5.6.2.tgz",
      "integrity": "sha512-7NzBL0rN6fMUW+f7A6Io4h40qQlG+xGmtMxfbnH/K7TAtt8JQWVQK+6g0UXKMeVJoyV5EkkNsErQ8pVD3bLHbA==",
      "license": "MIT",
      "engines": {
        "node": "^12.17.0 || ^14.13 || >=16.0.0"
      },
      "funding": {
        "url": "https://github.com/chalk/chalk?sponsor=1"
      }
    },
    "node_modules/dds-auth-zogoal": {
      "version": "1.0.0",
      "resolved": "file:../packages/dds-auth-zogoal/dds-auth-zogoal-1.0.0.tgz",
      "integrity": "sha512-v09x3YCUlcev5FRccKQxE4ZAM+FThCNuF44syAZkz5hd+IfnvIdUb5l1ygGpqwc19nvtwG+jsoQVy2sV1XsC0g==",
      "hasInstallScript": true,
      "license": "MIT",
      "dependencies": {
        "chalk": "^5.4.1"
      },
      "bin": {
        "dds-auth-zogoal": "dist/postinstall.js"
      },
      "engines": {
        "node": ">=18.0.0"
      },
      "peerDependencies": {
        "react": ">=18.0.0",
        "react-dom": ">=18.0.0"
      },
      "peerDependenciesMeta": {
        "react": {
          "optional": true
        },
        "react-dom": {
          "optional": true
        }
      }
    }
  }
}
